{
  "name": "har-cleaner",
  "version": "0.0.5",
  "lockfileVersion": 3,
  "requires": true,
  "packages": {
    "": {
      "name": "har-cleaner",
      "version": "0.0.5",
      "license": "AGPL-3.0-or-later",
      "devDependencies": {
        "@types/har-format": "^1.2.15"
      }
    },
    "node_modules/@types/har-format": {
      "version": "1.2.15",
      "resolved": "https://registry.npmjs.org/@types/har-format/-/har-format-1.2.15.tgz",
      "integrity": "sha512-RpQH4rXLuvTXKR0zqHq3go0RVXYv/YVqv4TnPH95VbwUxZdQlK1EtcMvQvMpDngHbt13Csh9Z4qT9AbkiQH5BA==",
      "dev": true
    }
  }
}
